
Microsoft Visual Studio Solution File, Format Version 12.00
# Visual Studio 15
VisualStudioVersion = 15.0.27130.2026
MinimumVisualStudioVersion = 10.0.40219.1
Project("{FAE04EC0-301F-11D3-BF4B-00C04F79EFBC}") = "DBHelper", "DBHelper\DBHelper.csproj", "{26E58ACC-E42A-49A7-9BD9-E3E6FDB1E2BC}"
EndProject
Project("{FAE04EC0-301F-11D3-BF4B-00C04F79EFBC}") = "Tester", "Tester\Tester.csproj", "{75C69C55-705B-40F4-AE29-0F13FF39457D}"
EndProject
Project("{00D1A9C2-B5F0-4AF3-8072-F6C62B433612}") = "IOHelper", "IOHelper\IOHelper.sqlproj", "{373A5045-C2DF-485F-87E8-2270A1C8A4EE}"
EndProject
Project("{FAE04EC0-301F-11D3-BF4B-00C04F79EFBC}") = "SmoIntroduction", "SmoIntroduction\SmoIntroduction.csproj", "{ECB216F5-EE75-4FF8-8CBC-36A3F99B695E}"
EndProject
Project("{FAE04EC0-301F-11D3-BF4B-00C04F79EFBC}") = "TesterWord", "TesterWord\TesterWord.csproj", "{36435586-DBCB-4DEB-B007-6C2C70DCF3FF}"
EndProject
Global
	GlobalSection(SolutionConfigurationPlatforms) = preSolution
		Debug|Any CPU = Debug|Any CPU
		Release|Any CPU = Release|Any CPU
	EndGlobalSection
	GlobalSection(ProjectConfigurationPlatforms) = postSolution
		{26E58ACC-E42A-49A7-9BD9-E3E6FDB1E2BC}.Debug|Any CPU.ActiveCfg = Debug|Any CPU
		{26E58ACC-E42A-49A7-9BD9-E3E6FDB1E2BC}.Debug|Any CPU.Build.0 = Debug|Any CPU
		{26E58ACC-E42A-49A7-9BD9-E3E6FDB1E2BC}.Release|Any CPU.ActiveCfg = Release|Any CPU
		{26E58ACC-E42A-49A7-9BD9-E3E6FDB1E2BC}.Release|Any CPU.Build.0 = Release|Any CPU
		{75C69C55-705B-40F4-AE29-0F13FF39457D}.Debug|Any CPU.ActiveCfg = Debug|Any CPU
		{75C69C55-705B-40F4-AE29-0F13FF39457D}.Debug|Any CPU.Build.0 = Debug|Any CPU
		{75C69C55-705B-40F4-AE29-0F13FF39457D}.Release|Any CPU.ActiveCfg = Release|Any CPU
		{75C69C55-705B-40F4-AE29-0F13FF39457D}.Release|Any CPU.Build.0 = Release|Any CPU
		{373A5045-C2DF-485F-87E8-2270A1C8A4EE}.Debug|Any CPU.ActiveCfg = Debug|Any CPU
		{373A5045-C2DF-485F-87E8-2270A1C8A4EE}.Debug|Any CPU.Build.0 = Debug|Any CPU
		{373A5045-C2DF-485F-87E8-2270A1C8A4EE}.Debug|Any CPU.Deploy.0 = Debug|Any CPU
		{373A5045-C2DF-485F-87E8-2270A1C8A4EE}.Release|Any CPU.ActiveCfg = Release|Any CPU
		{373A5045-C2DF-485F-87E8-2270A1C8A4EE}.Release|Any CPU.Build.0 = Release|Any CPU
		{373A5045-C2DF-485F-87E8-2270A1C8A4EE}.Release|Any CPU.Deploy.0 = Release|Any CPU
		{ECB216F5-EE75-4FF8-8CBC-36A3F99B695E}.Debug|Any CPU.ActiveCfg = Debug|Any CPU
		{ECB216F5-EE75-4FF8-8CBC-36A3F99B695E}.Debug|Any CPU.Build.0 = Debug|Any CPU
		{ECB216F5-EE75-4FF8-8CBC-36A3F99B695E}.Release|Any CPU.ActiveCfg = Release|Any CPU
		{ECB216F5-EE75-4FF8-8CBC-36A3F99B695E}.Release|Any CPU.Build.0 = Release|Any CPU
		{36435586-DBCB-4DEB-B007-6C2C70DCF3FF}.Debug|Any CPU.ActiveCfg = Debug|Any CPU
		{36435586-DBCB-4DEB-B007-6C2C70DCF3FF}.Debug|Any CPU.Build.0 = Debug|Any CPU
		{36435586-DBCB-4DEB-B007-6C2C70DCF3FF}.Release|Any CPU.ActiveCfg = Release|Any CPU
		{36435586-DBCB-4DEB-B007-6C2C70DCF3FF}.Release|Any CPU.Build.0 = Release|Any CPU
	EndGlobalSection
	GlobalSection(SolutionProperties) = preSolution
		HideSolutionNode = FALSE
	EndGlobalSection
	GlobalSection(ExtensibilityGlobals) = postSolution
		SolutionGuid = {4BC01D59-63E3-41FF-9BFD-4AFB159C1F64}
	EndGlobalSection
EndGlobal
